
Microsoft Visual Studio Solution File, Format Version 12.00
# Visual Studio 15
VisualStudioVersion = 15.0.28307.572
MinimumVisualStudioVersion = 10.0.40219.1
Project("{FAE04EC0-301F-11D3-BF4B-00C04F79EFBC}") = "API", "LataNova\API.csproj", "{6AD1D6FC-4D1F-40DA-8B68-F8013DD33020}"
EndProject
Project("{2150E333-8FDC-42A3-9474-1A3956D46DE8}") = "4 - Entry Points", "4 - Entry Points", "{6EF955C0-DDC4-417D-9E01-CA74206DABCA}"
EndProject
Project("{2150E333-8FDC-42A3-9474-1A3956D46DE8}") = "3 - Infrastructure", "3 - Infrastructure", "{003B24EB-C3AF-476A-81B5-4230AF00AD58}"
EndProject
Project("{2150E333-8FDC-42A3-9474-1A3956D46DE8}") = "2 - Application", "2 - Application", "{176C378F-8E26-464B-8704-C7E9683A71E0}"
EndProject
Project("{2150E333-8FDC-42A3-9474-1A3956D46DE8}") = "1 - Core", "1 - Core", "{B98BC83E-7A97-4368-9E77-5D2E6FB9231E}"
EndProject
Project("{FAE04EC0-301F-11D3-BF4B-00C04F79EFBC}") = "Core", "Core\Core.csproj", "{F046BA8F-3389-41BF-88C8-66DAE2742D6E}"
EndProject
Project("{FAE04EC0-301F-11D3-BF4B-00C04F79EFBC}") = "Application", "Application\Application.csproj", "{F9D086CD-CCBB-4C0A-83D6-CDE67DC049B8}"
EndProject
Project("{FAE04EC0-301F-11D3-BF4B-00C04F79EFBC}") = "Infrastructure", "Infrastructure\Infrastructure.csproj", "{33846E96-7455-48CD-B2EB-529E420A21B7}"
EndProject
Global
	GlobalSection(SolutionConfigurationPlatforms) = preSolution
		Debug|Any CPU = Debug|Any CPU
		Release|Any CPU = Release|Any CPU
	EndGlobalSection
	GlobalSection(ProjectConfigurationPlatforms) = postSolution
		{6AD1D6FC-4D1F-40DA-8B68-F8013DD33020}.Debug|Any CPU.ActiveCfg = Debug|Any CPU
		{6AD1D6FC-4D1F-40DA-8B68-F8013DD33020}.Debug|Any CPU.Build.0 = Debug|Any CPU
		{6AD1D6FC-4D1F-40DA-8B68-F8013DD33020}.Release|Any CPU.ActiveCfg = Release|Any CPU
		{6AD1D6FC-4D1F-40DA-8B68-F8013DD33020}.Release|Any CPU.Build.0 = Release|Any CPU
		{F046BA8F-3389-41BF-88C8-66DAE2742D6E}.Debug|Any CPU.ActiveCfg = Debug|Any CPU
		{F046BA8F-3389-41BF-88C8-66DAE2742D6E}.Debug|Any CPU.Build.0 = Debug|Any CPU
		{F046BA8F-3389-41BF-88C8-66DAE2742D6E}.Release|Any CPU.ActiveCfg = Release|Any CPU
		{F046BA8F-3389-41BF-88C8-66DAE2742D6E}.Release|Any CPU.Build.0 = Release|Any CPU
		{F9D086CD-CCBB-4C0A-83D6-CDE67DC049B8}.Debug|Any CPU.ActiveCfg = Debug|Any CPU
		{F9D086CD-CCBB-4C0A-83D6-CDE67DC049B8}.Debug|Any CPU.Build.0 = Debug|Any CPU
		{F9D086CD-CCBB-4C0A-83D6-CDE67DC049B8}.Release|Any CPU.ActiveCfg = Release|Any CPU
		{F9D086CD-CCBB-4C0A-83D6-CDE67DC049B8}.Release|Any CPU.Build.0 = Release|Any CPU
		{33846E96-7455-48CD-B2EB-529E420A21B7}.Debug|Any CPU.ActiveCfg = Debug|Any CPU
		{33846E96-7455-48CD-B2EB-529E420A21B7}.Debug|Any CPU.Build.0 = Debug|Any CPU
		{33846E96-7455-48CD-B2EB-529E420A21B7}.Release|Any CPU.ActiveCfg = Release|Any CPU
		{33846E96-7455-48CD-B2EB-529E420A21B7}.Release|Any CPU.Build.0 = Release|Any CPU
	EndGlobalSection
	GlobalSection(SolutionProperties) = preSolution
		HideSolutionNode = FALSE
	EndGlobalSection
	GlobalSection(NestedProjects) = preSolution
		{6AD1D6FC-4D1F-40DA-8B68-F8013DD33020} = {6EF955C0-DDC4-417D-9E01-CA74206DABCA}
		{F046BA8F-3389-41BF-88C8-66DAE2742D6E} = {B98BC83E-7A97-4368-9E77-5D2E6FB9231E}
		{F9D086CD-CCBB-4C0A-83D6-CDE67DC049B8} = {176C378F-8E26-464B-8704-C7E9683A71E0}
		{33846E96-7455-48CD-B2EB-529E420A21B7} = {003B24EB-C3AF-476A-81B5-4230AF00AD58}
	EndGlobalSection
	GlobalSection(ExtensibilityGlobals) = postSolution
		SolutionGuid = {A811262C-1076-4D4C-9141-AB1184082993}
	EndGlobalSection
EndGlobal
